// !$*UTF8*$!
{
	archiveVersion = 1;
	classes = {
	};
	objectVersion = 46;
	objects = {

/* Begin PBXBuildFile section */
		0CC8B2E7BE282766A0286755 /* Pods_TwitterClientTests.framework in Frameworks */ = {isa = PBXBuildFile; fileRef = 439AA57248AE4D8340C15269 /* Pods_TwitterClientTests.framework */; };
		76109A41C670D474FA4344E6 /* Pods_TwitterClientUITests.framework in Frameworks */ = {isa = PBXBuildFile; fileRef = 8E229CBFD57EAD3B7D576275 /* Pods_TwitterClientUITests.framework */; };
		CE4AD8471F50D1EA005ECC26 /* FollowersView.swift in Sources */ = {isa = PBXBuildFile; fileRef = CE4AD8461F50D1EA005ECC26 /* FollowersView.swift */; };
		CE4AD8491F50D1FE005ECC26 /* FollowersPresenter.swift in Sources */ = {isa = PBXBuildFile; fileRef = CE4AD8481F50D1FE005ECC26 /* FollowersPresenter.swift */; };
		CE4AD84D1F50D4BA005ECC26 /* FollowersCell.swift in Sources */ = {isa = PBXBuildFile; fileRef = CE4AD84B1F50D4BA005ECC26 /* FollowersCell.swift */; };
		CE4AD84E1F50D4BA005ECC26 /* FollowersCell.xib in Resources */ = {isa = PBXBuildFile; fileRef = CE4AD84C1F50D4BA005ECC26 /* FollowersCell.xib */; };
		CE64E6B41F4B65750078E79A /* AppDelegate.swift in Sources */ = {isa = PBXBuildFile; fileRef = CE64E6B31F4B65750078E79A /* AppDelegate.swift */; };
		CE64E6B61F4B65750078E79A /* ViewController.swift in Sources */ = {isa = PBXBuildFile; fileRef = CE64E6B51F4B65750078E79A /* ViewController.swift */; };
		CE64E6B91F4B65750078E79A /* Main.storyboard in Resources */ = {isa = PBXBuildFile; fileRef = CE64E6B71F4B65750078E79A /* Main.storyboard */; };
		CE64E6BB1F4B65750078E79A /* Assets.xcassets in Resources */ = {isa = PBXBuildFile; fileRef = CE64E6BA1F4B65750078E79A /* Assets.xcassets */; };
		CE64E6BE1F4B65760078E79A /* LaunchScreen.storyboard in Resources */ = {isa = PBXBuildFile; fileRef = CE64E6BC1F4B65760078E79A /* LaunchScreen.storyboard */; };
		CE64E6C91F4B65760078E79A /* TwitterClientTests.swift in Sources */ = {isa = PBXBuildFile; fileRef = CE64E6C81F4B65760078E79A /* TwitterClientTests.swift */; };
		CE64E6D41F4B65760078E79A /* TwitterClientUITests.swift in Sources */ = {isa = PBXBuildFile; fileRef = CE64E6D31F4B65760078E79A /* TwitterClientUITests.swift */; };
		CE6D050A1F4E83400021536B /* SafariServices.framework in Frameworks */ = {isa = PBXBuildFile; fileRef = CE6D05091F4E83400021536B /* SafariServices.framework */; };
		CE8AE0461F5055A1002DA9F7 /* AccessLayer.swift in Sources */ = {isa = PBXBuildFile; fileRef = CE8AE0451F5055A1002DA9F7 /* AccessLayer.swift */; };
		CE8AE04A1F505FFD002DA9F7 /* ModFollowers.swift in Sources */ = {isa = PBXBuildFile; fileRef = CE8AE0481F505FFD002DA9F7 /* ModFollowers.swift */; };
		CE8AE04B1F505FFD002DA9F7 /* User.swift in Sources */ = {isa = PBXBuildFile; fileRef = CE8AE0491F505FFD002DA9F7 /* User.swift */; };
		CE8AE04E1F5091CA002DA9F7 /* SplashViewController.swift in Sources */ = {isa = PBXBuildFile; fileRef = CE8AE04D1F5091CA002DA9F7 /* SplashViewController.swift */; };
		CE8AE0501F5091E7002DA9F7 /* SplashView.swift in Sources */ = {isa = PBXBuildFile; fileRef = CE8AE04F1F5091E7002DA9F7 /* SplashView.swift */; };
		CE8AE0521F5091FC002DA9F7 /* SplashPresenter.swift in Sources */ = {isa = PBXBuildFile; fileRef = CE8AE0511F5091FC002DA9F7 /* SplashPresenter.swift */; };
		CE8AE0551F50AD2B002DA9F7 /* TransitionSubmitButton.swift in Sources */ = {isa = PBXBuildFile; fileRef = CE8AE0541F50AD2B002DA9F7 /* TransitionSubmitButton.swift */; };
		CE8AE0571F50B040002DA9F7 /* SpinerLayer.swift in Sources */ = {isa = PBXBuildFile; fileRef = CE8AE0561F50B040002DA9F7 /* SpinerLayer.swift */; };
		CE8AE05C1F50B088002DA9F7 /* BubbleTransition.swift in Sources */ = {isa = PBXBuildFile; fileRef = CE8AE0581F50B088002DA9F7 /* BubbleTransition.swift */; };
		CE8AE05D1F50B088002DA9F7 /* CGRectEx.swift in Sources */ = {isa = PBXBuildFile; fileRef = CE8AE0591F50B088002DA9F7 /* CGRectEx.swift */; };
		CE8AE05E1F50B088002DA9F7 /* FadeTransition.swift in Sources */ = {isa = PBXBuildFile; fileRef = CE8AE05A1F50B088002DA9F7 /* FadeTransition.swift */; };
		CE8AE05F1F50B088002DA9F7 /* TimerEx.swift in Sources */ = {isa = PBXBuildFile; fileRef = CE8AE05B1F50B088002DA9F7 /* TimerEx.swift */; };
		CE8AE0611F50C1CD002DA9F7 /* Extensions.swift in Sources */ = {isa = PBXBuildFile; fileRef = CE8AE0601F50C1CD002DA9F7 /* Extensions.swift */; };
		CE8AE0641F50C41B002DA9F7 /* FollowersViewController.swift in Sources */ = {isa = PBXBuildFile; fileRef = CE8AE0631F50C41B002DA9F7 /* FollowersViewController.swift */; };
		CEC8445B1F5032F700219B2D /* Constants.swift in Sources */ = {isa = PBXBuildFile; fileRef = CEC8445A1F5032F700219B2D /* Constants.swift */; };
		CEC844601F50333700219B2D /* LoginPresenter.swift in Sources */ = {isa = PBXBuildFile; fileRef = CEC8445D1F50333700219B2D /* LoginPresenter.swift */; };
		CEC844611F50333700219B2D /* LoginView.swift in Sources */ = {isa = PBXBuildFile; fileRef = CEC8445E1F50333700219B2D /* LoginView.swift */; };
		CEC844621F50333700219B2D /* LoginViewController.swift in Sources */ = {isa = PBXBuildFile; fileRef = CEC8445F1F50333700219B2D /* LoginViewController.swift */; };
		CEC844641F5034DA00219B2D /* NetworkHelper.swift in Sources */ = {isa = PBXBuildFile; fileRef = CEC844631F5034DA00219B2D /* NetworkHelper.swift */; };
		CEC844661F503CAF00219B2D /* Utilities.swift in Sources */ = {isa = PBXBuildFile; fileRef = CEC844651F503CAF00219B2D /* Utilities.swift */; };
		ECB114901C36C636B65661CD /* Pods_TwitterClient.framework in Frameworks */ = {isa = PBXBuildFile; fileRef = 24EA97C2B44AB526C91064B5 /* Pods_TwitterClient.framework */; };
/* End PBXBuildFile section */

/* Begin PBXContainerItemProxy section */
		CE64E6C51F4B65760078E79A /* PBXContainerItemProxy */ = {
			isa = PBXContainerItemProxy;
			containerPortal = CE64E6A81F4B65750078E79A /* Project object */;
			proxyType = 1;
			remoteGlobalIDString = CE64E6AF1F4B65750078E79A;
			remoteInfo = TwitterClient;
		};
		CE64E6D01F4B65760078E79A /* PBXContainerItemProxy */ = {
			isa = PBXContainerItemProxy;
			containerPortal = CE64E6A81F4B65750078E79A /* Project object */;
			proxyType = 1;
			remoteGlobalIDString = CE64E6AF1F4B65750078E79A;
			remoteInfo = TwitterClient;
		};
/* End PBXContainerItemProxy section */

/* Begin PBXFileReference section */
		24EA97C2B44AB526C91064B5 /* Pods_TwitterClient.framework */ = {isa = PBXFileReference; explicitFileType = wrapper.framework; includeInIndex = 0; path = Pods_TwitterClient.framework; sourceTree = BUILT_PRODUCTS_DIR; };
		439AA57248AE4D8340C15269 /* Pods_TwitterClientTests.framework */ = {isa = PBXFileReference; explicitFileType = wrapper.framework; includeInIndex = 0; path = Pods_TwitterClientTests.framework; sourceTree = BUILT_PRODUCTS_DIR; };
		55854F9F60D5BA2CF6179E27 /* Pods-TwitterClientUITests.debug.xcconfig */ = {isa = PBXFileReference; includeInIndex = 1; lastKnownFileType = text.xcconfig; name = "Pods-TwitterClientUITests.debug.xcconfig"; path = "Pods/Target Support Files/Pods-TwitterClientUITests/Pods-TwitterClientUITests.debug.xcconfig"; sourceTree = "<group>"; };
		60AB7FE0DB40BC8E2DF93CFB /* Pods-TwitterClient.debug.xcconfig */ = {isa = PBXFileReference; includeInIndex = 1; lastKnownFileType = text.xcconfig; name = "Pods-TwitterClient.debug.xcconfig"; path = "Pods/Target Support Files/Pods-TwitterClient/Pods-TwitterClient.debug.xcconfig"; sourceTree = "<group>"; };
		6A14E0835283C50FBD64768A /* Pods-TwitterClientTests.release.xcconfig */ = {isa = PBXFileReference; includeInIndex = 1; lastKnownFileType = text.xcconfig; name = "Pods-TwitterClientTests.release.xcconfig"; path = "Pods/Target Support Files/Pods-TwitterClientTests/Pods-TwitterClientTests.release.xcconfig"; sourceTree = "<group>"; };
		8757E824396B669C1A8F2676 /* Pods-TwitterClientTests.debug.xcconfig */ = {isa = PBXFileReference; includeInIndex = 1; lastKnownFileType = text.xcconfig; name = "Pods-TwitterClientTests.debug.xcconfig"; path = "Pods/Target Support Files/Pods-TwitterClientTests/Pods-TwitterClientTests.debug.xcconfig"; sourceTree = "<group>"; };
		8E229CBFD57EAD3B7D576275 /* Pods_TwitterClientUITests.framework */ = {isa = PBXFileReference; explicitFileType = wrapper.framework; includeInIndex = 0; path = Pods_TwitterClientUITests.framework; sourceTree = BUILT_PRODUCTS_DIR; };
		CE4AD8461F50D1EA005ECC26 /* FollowersView.swift */ = {isa = PBXFileReference; fileEncoding = 4; lastKnownFileType = sourcecode.swift; path = FollowersView.swift; sourceTree = "<group>"; };
		CE4AD8481F50D1FE005ECC26 /* FollowersPresenter.swift */ = {isa = PBXFileReference; fileEncoding = 4; lastKnownFileType = sourcecode.swift; path = FollowersPresenter.swift; sourceTree = "<group>"; };
		CE4AD84B1F50D4BA005ECC26 /* FollowersCell.swift */ = {isa = PBXFileReference; fileEncoding = 4; lastKnownFileType = sourcecode.swift; path = FollowersCell.swift; sourceTree = "<group>"; };
		CE4AD84C1F50D4BA005ECC26 /* FollowersCell.xib */ = {isa = PBXFileReference; fileEncoding = 4; lastKnownFileType = file.xib; path = FollowersCell.xib; sourceTree = "<group>"; };
		CE64E6B01F4B65750078E79A /* TwitterClient.app */ = {isa = PBXFileReference; explicitFileType = wrapper.application; includeInIndex = 0; path = TwitterClient.app; sourceTree = BUILT_PRODUCTS_DIR; };
		CE64E6B31F4B65750078E79A /* AppDelegate.swift */ = {isa = PBXFileReference; lastKnownFileType = sourcecode.swift; path = AppDelegate.swift; sourceTree = "<group>"; };
		CE64E6B51F4B65750078E79A /* ViewController.swift */ = {isa = PBXFileReference; lastKnownFileType = sourcecode.swift; path = ViewController.swift; sourceTree = "<group>"; };
		CE64E6B81F4B65750078E79A /* Base */ = {isa = PBXFileReference; lastKnownFileType = file.storyboard; name = Base; path = Base.lproj/Main.storyboard; sourceTree = "<group>"; };
		CE64E6BA1F4B65750078E79A /* Assets.xcassets */ = {isa = PBXFileReference; lastKnownFileType = folder.assetcatalog; path = Assets.xcassets; sourceTree = "<group>"; };
		CE64E6BD1F4B65760078E79A /* Base */ = {isa = PBXFileReference; lastKnownFileType = file.storyboard; name = Base; path = Base.lproj/LaunchScreen.storyboard; sourceTree = "<group>"; };
		CE64E6BF1F4B65760078E79A /* Info.plist */ = {isa = PBXFileReference; lastKnownFileType = text.plist.xml; path = Info.plist; sourceTree = "<group>"; };
		CE64E6C41F4B65760078E79A /* TwitterClientTests.xctest */ = {isa = PBXFileReference; explicitFileType = wrapper.cfbundle; includeInIndex = 0; path = TwitterClientTests.xctest; sourceTree = BUILT_PRODUCTS_DIR; };
		CE64E6C81F4B65760078E79A /* TwitterClientTests.swift */ = {isa = PBXFileReference; lastKnownFileType = sourcecode.swift; path = TwitterClientTests.swift; sourceTree = "<group>"; };
		CE64E6CA1F4B65760078E79A /* Info.plist */ = {isa = PBXFileReference; lastKnownFileType = text.plist.xml; path = Info.plist; sourceTree = "<group>"; };
		CE64E6CF1F4B65760078E79A /* TwitterClientUITests.xctest */ = {isa = PBXFileReference; explicitFileType = wrapper.cfbundle; includeInIndex = 0; path = TwitterClientUITests.xctest; sourceTree = BUILT_PRODUCTS_DIR; };
		CE64E6D31F4B65760078E79A /* TwitterClientUITests.swift */ = {isa = PBXFileReference; lastKnownFileType = sourcecode.swift; path = TwitterClientUITests.swift; sourceTree = "<group>"; };
		CE64E6D51F4B65760078E79A /* Info.plist */ = {isa = PBXFileReference; lastKnownFileType = text.plist.xml; path = Info.plist; sourceTree = "<group>"; };
		CE6D05091F4E83400021536B /* SafariServices.framework */ = {isa = PBXFileReference; lastKnownFileType = wrapper.framework; name = SafariServices.framework; path = System/Library/Frameworks/SafariServices.framework; sourceTree = SDKROOT; };
		CE8AE0451F5055A1002DA9F7 /* AccessLayer.swift */ = {isa = PBXFileReference; fileEncoding = 4; lastKnownFileType = sourcecode.swift; path = AccessLayer.swift; sourceTree = "<group>"; };
		CE8AE0481F505FFD002DA9F7 /* ModFollowers.swift */ = {isa = PBXFileReference; fileEncoding = 4; lastKnownFileType = sourcecode.swift; path = ModFollowers.swift; sourceTree = "<group>"; };
		CE8AE0491F505FFD002DA9F7 /* User.swift */ = {isa = PBXFileReference; fileEncoding = 4; lastKnownFileType = sourcecode.swift; path = User.swift; sourceTree = "<group>"; };
		CE8AE04D1F5091CA002DA9F7 /* SplashViewController.swift */ = {isa = PBXFileReference; fileEncoding = 4; lastKnownFileType = sourcecode.swift; path = SplashViewController.swift; sourceTree = "<group>"; };
		CE8AE04F1F5091E7002DA9F7 /* SplashView.swift */ = {isa = PBXFileReference; fileEncoding = 4; lastKnownFileType = sourcecode.swift; path = SplashView.swift; sourceTree = "<group>"; };
		CE8AE0511F5091FC002DA9F7 /* SplashPresenter.swift */ = {isa = PBXFileReference; fileEncoding = 4; lastKnownFileType = sourcecode.swift; path = SplashPresenter.swift; sourceTree = "<group>"; };
		CE8AE0541F50AD2B002DA9F7 /* TransitionSubmitButton.swift */ = {isa = PBXFileReference; fileEncoding = 4; lastKnownFileType = sourcecode.swift; path = TransitionSubmitButton.swift; sourceTree = "<group>"; };
		CE8AE0561F50B040002DA9F7 /* SpinerLayer.swift */ = {isa = PBXFileReference; fileEncoding = 4; lastKnownFileType = sourcecode.swift; path = SpinerLayer.swift; sourceTree = "<group>"; };
		CE8AE0581F50B088002DA9F7 /* BubbleTransition.swift */ = {isa = PBXFileReference; fileEncoding = 4; lastKnownFileType = sourcecode.swift; path = BubbleTransition.swift; sourceTree = "<group>"; };
		CE8AE0591F50B088002DA9F7 /* CGRectEx.swift */ = {isa = PBXFileReference; fileEncoding = 4; lastKnownFileType = sourcecode.swift; path = CGRectEx.swift; sourceTree = "<group>"; };
		CE8AE05A1F50B088002DA9F7 /* FadeTransition.swift */ = {isa = PBXFileReference; fileEncoding = 4; lastKnownFileType = sourcecode.swift; path = FadeTransition.swift; sourceTree = "<group>"; };
		CE8AE05B1F50B088002DA9F7 /* TimerEx.swift */ = {isa = PBXFileReference; fileEncoding = 4; lastKnownFileType = sourcecode.swift; path = TimerEx.swift; sourceTree = "<group>"; };
		CE8AE0601F50C1CD002DA9F7 /* Extensions.swift */ = {isa = PBXFileReference; fileEncoding = 4; lastKnownFileType = sourcecode.swift; path = Extensions.swift; sourceTree = "<group>"; };
		CE8AE0631F50C41B002DA9F7 /* FollowersViewController.swift */ = {isa = PBXFileReference; fileEncoding = 4; lastKnownFileType = sourcecode.swift; path = FollowersViewController.swift; sourceTree = "<group>"; };
		CEC8445A1F5032F700219B2D /* Constants.swift */ = {isa = PBXFileReference; fileEncoding = 4; lastKnownFileType = sourcecode.swift; path = Constants.swift; sourceTree = "<group>"; };
		CEC8445D1F50333700219B2D /* LoginPresenter.swift */ = {isa = PBXFileReference; fileEncoding = 4; lastKnownFileType = sourcecode.swift; path = LoginPresenter.swift; sourceTree = "<group>"; };
		CEC8445E1F50333700219B2D /* LoginView.swift */ = {isa = PBXFileReference; fileEncoding = 4; lastKnownFileType = sourcecode.swift; path = LoginView.swift; sourceTree = "<group>"; };
		CEC8445F1F50333700219B2D /* LoginViewController.swift */ = {isa = PBXFileReference; fileEncoding = 4; lastKnownFileType = sourcecode.swift; path = LoginViewController.swift; sourceTree = "<group>"; };
		CEC844631F5034DA00219B2D /* NetworkHelper.swift */ = {isa = PBXFileReference; fileEncoding = 4; lastKnownFileType = sourcecode.swift; path = NetworkHelper.swift; sourceTree = "<group>"; };
		CEC844651F503CAF00219B2D /* Utilities.swift */ = {isa = PBXFileReference; fileEncoding = 4; lastKnownFileType = sourcecode.swift; path = Utilities.swift; sourceTree = "<group>"; };
		EA8964CDDC7D268F9D8B3FFD /* Pods-TwitterClientUITests.release.xcconfig */ = {isa = PBXFileReference; includeInIndex = 1; lastKnownFileType = text.xcconfig; name = "Pods-TwitterClientUITests.release.xcconfig"; path = "Pods/Target Support Files/Pods-TwitterClientUITests/Pods-TwitterClientUITests.release.xcconfig"; sourceTree = "<group>"; };
		FBD7FBCE0F78CEE26DF72701 /* Pods-TwitterClient.release.xcconfig */ = {isa = PBXFileReference; includeInIndex = 1; lastKnownFileType = text.xcconfig; name = "Pods-TwitterClient.release.xcconfig"; path = "Pods/Target Support Files/Pods-TwitterClient/Pods-TwitterClient.release.xcconfig"; sourceTree = "<group>"; };
/* End PBXFileReference section */

/* Begin PBXFrameworksBuildPhase section */
		CE64E6AD1F4B65750078E79A /* Frameworks */ = {
			isa = PBXFrameworksBuildPhase;
			buildActionMask = 2147483647;
			files = (
				CE6D050A1F4E83400021536B /* SafariServices.framework in Frameworks */,
				ECB114901C36C636B65661CD /* Pods_TwitterClient.framework in Frameworks */,
			);
			runOnlyForDeploymentPostprocessing = 0;
		};
		CE64E6C11F4B65760078E79A /* Frameworks */ = {
			isa = PBXFrameworksBuildPhase;
			buildActionMask = 2147483647;
			files = (
				0CC8B2E7BE282766A0286755 /* Pods_TwitterClientTests.framework in Frameworks */,
			);
			runOnlyForDeploymentPostprocessing = 0;
		};
		CE64E6CC1F4B65760078E79A /* Frameworks */ = {
			isa = PBXFrameworksBuildPhase;
			buildActionMask = 2147483647;
			files = (
				76109A41C670D474FA4344E6 /* Pods_TwitterClientUITests.framework in Frameworks */,
			);
			runOnlyForDeploymentPostprocessing = 0;
		};
/* End PBXFrameworksBuildPhase section */

/* Begin PBXGroup section */
		2A5F85224C5A38527B08E3C4 /* Pods */ = {
			isa = PBXGroup;
			children = (
				60AB7FE0DB40BC8E2DF93CFB /* Pods-TwitterClient.debug.xcconfig */,
				FBD7FBCE0F78CEE26DF72701 /* Pods-TwitterClient.release.xcconfig */,
				8757E824396B669C1A8F2676 /* Pods-TwitterClientTests.debug.xcconfig */,
				6A14E0835283C50FBD64768A /* Pods-TwitterClientTests.release.xcconfig */,
				55854F9F60D5BA2CF6179E27 /* Pods-TwitterClientUITests.debug.xcconfig */,
				EA8964CDDC7D268F9D8B3FFD /* Pods-TwitterClientUITests.release.xcconfig */,
			);
			name = Pods;
			sourceTree = "<group>";
		};
		CE4AD84A1F50D491005ECC26 /* Views */ = {
			isa = PBXGroup;
			children = (
				CE4AD84B1F50D4BA005ECC26 /* FollowersCell.swift */,
				CE4AD84C1F50D4BA005ECC26 /* FollowersCell.xib */,
			);
			path = Views;
			sourceTree = "<group>";
		};
		CE64E6A71F4B65750078E79A = {
			isa = PBXGroup;
			children = (
				CE64E6B21F4B65750078E79A /* TwitterClient */,
				CE64E6C71F4B65760078E79A /* TwitterClientTests */,
				CE64E6D21F4B65760078E79A /* TwitterClientUITests */,
				CE64E6B11F4B65750078E79A /* Products */,
				2A5F85224C5A38527B08E3C4 /* Pods */,
				D72E074D30033C6DE2237AB7 /* Frameworks */,
			);
			sourceTree = "<group>";
		};
		CE64E6B11F4B65750078E79A /* Products */ = {
			isa = PBXGroup;
			children = (
				CE64E6B01F4B65750078E79A /* TwitterClient.app */,
				CE64E6C41F4B65760078E79A /* TwitterClientTests.xctest */,
				CE64E6CF1F4B65760078E79A /* TwitterClientUITests.xctest */,
			);
			name = Products;
			sourceTree = "<group>";
		};
		CE64E6B21F4B65750078E79A /* TwitterClient */ = {
			isa = PBXGroup;
			children = (
				CE8AE04C1F509195002DA9F7 /* Splash */,
				CEC8445C1F50333700219B2D /* Login */,
				CE8AE0621F50C402002DA9F7 /* Followers */,
				CEC844591F5032F700219B2D /* SupportClasses */,
				CE8AE0531F50AD11002DA9F7 /* HelperClasses */,
				CE8AE0471F505FC0002DA9F7 /* Models */,
				CE4AD84A1F50D491005ECC26 /* Views */,
				CE6D05011F4E6E630021536B /* Storyboards */,
				CE64E6B31F4B65750078E79A /* AppDelegate.swift */,
				CE64E6B51F4B65750078E79A /* ViewController.swift */,
				CE64E6BA1F4B65750078E79A /* Assets.xcassets */,
				CE64E6BF1F4B65760078E79A /* Info.plist */,
			);
			path = TwitterClient;
			sourceTree = "<group>";
		};
		CE64E6C71F4B65760078E79A /* TwitterClientTests */ = {
			isa = PBXGroup;
			children = (
				CE64E6C81F4B65760078E79A /* TwitterClientTests.swift */,
				CE64E6CA1F4B65760078E79A /* Info.plist */,
			);
			path = TwitterClientTests;
			sourceTree = "<group>";
		};
		CE64E6D21F4B65760078E79A /* TwitterClientUITests */ = {
			isa = PBXGroup;
			children = (
				CE64E6D31F4B65760078E79A /* TwitterClientUITests.swift */,
				CE64E6D51F4B65760078E79A /* Info.plist */,
			);
			path = TwitterClientUITests;
			sourceTree = "<group>";
		};
		CE6D05011F4E6E630021536B /* Storyboards */ = {
			isa = PBXGroup;
			children = (
				CE64E6B71F4B65750078E79A /* Main.storyboard */,
				CE64E6BC1F4B65760078E79A /* LaunchScreen.storyboard */,
			);
			name = Storyboards;
			path = ..;
			sourceTree = "<group>";
		};
		CE8AE0471F505FC0002DA9F7 /* Models */ = {
			isa = PBXGroup;
			children = (
				CE8AE0481F505FFD002DA9F7 /* ModFollowers.swift */,
				CE8AE0491F505FFD002DA9F7 /* User.swift */,
			);
			path = Models;
			sourceTree = "<group>";
		};
		CE8AE04C1F509195002DA9F7 /* Splash */ = {
			isa = PBXGroup;
			children = (
				CE8AE04D1F5091CA002DA9F7 /* SplashViewController.swift */,
				CE8AE04F1F5091E7002DA9F7 /* SplashView.swift */,
				CE8AE0511F5091FC002DA9F7 /* SplashPresenter.swift */,
			);
			path = Splash;
			sourceTree = "<group>";
		};
		CE8AE0531F50AD11002DA9F7 /* HelperClasses */ = {
			isa = PBXGroup;
			children = (
				CE8AE0581F50B088002DA9F7 /* BubbleTransition.swift */,
				CE8AE0591F50B088002DA9F7 /* CGRectEx.swift */,
				CE8AE05A1F50B088002DA9F7 /* FadeTransition.swift */,
				CE8AE05B1F50B088002DA9F7 /* TimerEx.swift */,
				CE8AE0561F50B040002DA9F7 /* SpinerLayer.swift */,
				CE8AE0541F50AD2B002DA9F7 /* TransitionSubmitButton.swift */,
			);
			path = HelperClasses;
			sourceTree = "<group>";
		};
		CE8AE0621F50C402002DA9F7 /* Followers */ = {
			isa = PBXGroup;
			children = (
				CE8AE0631F50C41B002DA9F7 /* FollowersViewController.swift */,
				CE4AD8461F50D1EA005ECC26 /* FollowersView.swift */,
				CE4AD8481F50D1FE005ECC26 /* FollowersPresenter.swift */,
			);
			path = Followers;
			sourceTree = "<group>";
		};
		CEC844591F5032F700219B2D /* SupportClasses */ = {
			isa = PBXGroup;
			children = (
				CEC844631F5034DA00219B2D /* NetworkHelper.swift */,
				CE8AE0451F5055A1002DA9F7 /* AccessLayer.swift */,
				CEC8445A1F5032F700219B2D /* Constants.swift */,
				CEC844651F503CAF00219B2D /* Utilities.swift */,
				CE8AE0601F50C1CD002DA9F7 /* Extensions.swift */,
			);
			path = SupportClasses;
			sourceTree = "<group>";
		};
		CEC8445C1F50333700219B2D /* Login */ = {
			isa = PBXGroup;
			children = (
				CEC8445D1F50333700219B2D /* LoginPresenter.swift */,
				CEC8445E1F50333700219B2D /* LoginView.swift */,
				CEC8445F1F50333700219B2D /* LoginViewController.swift */,
			);
			path = Login;
			sourceTree = "<group>";
		};
		D72E074D30033C6DE2237AB7 /* Frameworks */ = {
			isa = PBXGroup;
			children = (
				CE6D05091F4E83400021536B /* SafariServices.framework */,
				24EA97C2B44AB526C91064B5 /* Pods_TwitterClient.framework */,
				439AA57248AE4D8340C15269 /* Pods_TwitterClientTests.framework */,
				8E229CBFD57EAD3B7D576275 /* Pods_TwitterClientUITests.framework */,
			);
			name = Frameworks;
			sourceTree = "<group>";
		};
/* End PBXGroup section */

/* Begin PBXNativeTarget section */
		CE64E6AF1F4B65750078E79A /* TwitterClient */ = {
			isa = PBXNativeTarget;
			buildConfigurationList = CE64E6D81F4B65760078E79A /* Build configuration list for PBXNativeTarget "TwitterClient" */;
			buildPhases = (
				13B2BAB501D20AFFF63672C8 /* [CP] Check Pods Manifest.lock */,
				CE64E6AC1F4B65750078E79A /* Sources */,
				CE64E6AD1F4B65750078E79A /* Frameworks */,
				CE64E6AE1F4B65750078E79A /* Resources */,
				0B76BBF08D4426DFFC8E20AC /* [CP] Embed Pods Frameworks */,
				956D109F304BF28C60B68E47 /* [CP] Copy Pods Resources */,
			);
			buildRules = (
			);
			dependencies = (
			);
			name = TwitterClient;
			productName = TwitterClient;
			productReference = CE64E6B01F4B65750078E79A /* TwitterClient.app */;
			productType = "com.apple.product-type.application";
		};
		CE64E6C31F4B65760078E79A /* TwitterClientTests */ = {
			isa = PBXNativeTarget;
			buildConfigurationList = CE64E6DB1F4B65760078E79A /* Build configuration list for PBXNativeTarget "TwitterClientTests" */;
			buildPhases = (
				8F1AAD009B49503B7C626424 /* [CP] Check Pods Manifest.lock */,
				CE64E6C01F4B65760078E79A /* Sources */,
				CE64E6C11F4B65760078E79A /* Frameworks */,
				CE64E6C21F4B65760078E79A /* Resources */,
				9483AC03751B8B83BACAD485 /* [CP] Embed Pods Frameworks */,
				4EB67290A7C346A01E86899D /* [CP] Copy Pods Resources */,
			);
			buildRules = (
			);
			dependencies = (
				CE64E6C61F4B65760078E79A /* PBXTargetDependency */,
			);
			name = TwitterClientTests;
			productName = TwitterClientTests;
			productReference = CE64E6C41F4B65760078E79A /* TwitterClientTests.xctest */;
			productType = "com.apple.product-type.bundle.unit-test";
		};
		CE64E6CE1F4B65760078E79A /* TwitterClientUITests */ = {
			isa = PBXNativeTarget;
			buildConfigurationList = CE64E6DE1F4B65760078E79A /* Build configuration list for PBXNativeTarget "TwitterClientUITests" */;
			buildPhases = (
				24D95AE7220B1F0658948E39 /* [CP] Check Pods Manifest.lock */,
				CE64E6CB1F4B65760078E79A /* Sources */,
				CE64E6CC1F4B65760078E79A /* Frameworks */,
				CE64E6CD1F4B65760078E79A /* Resources */,
				9F9D9F0F3F686C628D02FF7B /* [CP] Embed Pods Frameworks */,
				1711F64EDF9BF3A206F77FE8 /* [CP] Copy Pods Resources */,
			);
			buildRules = (
			);
			dependencies = (
				CE64E6D11F4B65760078E79A /* PBXTargetDependency */,
			);
			name = TwitterClientUITests;
			productName = TwitterClientUITests;
			productReference = CE64E6CF1F4B65760078E79A /* TwitterClientUITests.xctest */;
			productType = "com.apple.product-type.bundle.ui-testing";
		};
/* End PBXNativeTarget section */

/* Begin PBXProject section */
		CE64E6A81F4B65750078E79A /* Project object */ = {
			isa = PBXProject;
			attributes = {
				LastSwiftUpdateCheck = 0830;
				LastUpgradeCheck = 0830;
				ORGANIZATIONNAME = Eventus;
				TargetAttributes = {
					CE64E6AF1F4B65750078E79A = {
						CreatedOnToolsVersion = 8.3.2;
						DevelopmentTeam = Q6EKB3LKQX;
						ProvisioningStyle = Automatic;
					};
					CE64E6C31F4B65760078E79A = {
						CreatedOnToolsVersion = 8.3.2;
						DevelopmentTeam = Q6EKB3LKQX;
						ProvisioningStyle = Automatic;
						TestTargetID = CE64E6AF1F4B65750078E79A;
					};
					CE64E6CE1F4B65760078E79A = {
						CreatedOnToolsVersion = 8.3.2;
						DevelopmentTeam = Q6EKB3LKQX;
						ProvisioningStyle = Automatic;
						TestTargetID = CE64E6AF1F4B65750078E79A;
					};
				};
			};
			buildConfigurationList = CE64E6AB1F4B65750078E79A /* Build configuration list for PBXProject "TwitterClient" */;
			compatibilityVersion = "Xcode 3.2";
			developmentRegion = English;
			hasScannedForEncodings = 0;
			knownRegions = (
				en,
				Base,
			);
			mainGroup = CE64E6A71F4B65750078E79A;
			productRefGroup = CE64E6B11F4B65750078E79A /* Products */;
			projectDirPath = "";
			projectRoot = "";
			targets = (
				CE64E6AF1F4B65750078E79A /* TwitterClient */,
				CE64E6C31F4B65760078E79A /* TwitterClientTests */,
				CE64E6CE1F4B65760078E79A /* TwitterClientUITests */,
			);
		};
/* End PBXProject section */

/* Begin PBXResourcesBuildPhase section */
		CE64E6AE1F4B65750078E79A /* Resources */ = {
			isa = PBXResourcesBuildPhase;
			buildActionMask = 2147483647;
			files = (
				CE64E6BE1F4B65760078E79A /* LaunchScreen.storyboard in Resources */,
				CE64E6BB1F4B65750078E79A /* Assets.xcassets in Resources */,
				CE64E6B91F4B65750078E79A /* Main.storyboard in Resources */,
				CE4AD84E1F50D4BA005ECC26 /* FollowersCell.xib in Resources */,
			);
			runOnlyForDeploymentPostprocessing = 0;
		};
		CE64E6C21F4B65760078E79A /* Resources */ = {
			isa = PBXResourcesBuildPhase;
			buildActionMask = 2147483647;
			files = (
			);
			runOnlyForDeploymentPostprocessing = 0;
		};
		CE64E6CD1F4B65760078E79A /* Resources */ = {
			isa = PBXResourcesBuildPhase;
			buildActionMask = 2147483647;
			files = (
			);
			runOnlyForDeploymentPostprocessing = 0;
		};
/* End PBXResourcesBuildPhase section */

/* Begin PBXShellScriptBuildPhase section */
		0B76BBF08D4426DFFC8E20AC /* [CP] Embed Pods Frameworks */ = {
			isa = PBXShellScriptBuildPhase;
			buildActionMask = 2147483647;
			files = (
			);
			inputPaths = (
				"${SRCROOT}/Pods/Target Support Files/Pods-TwitterClient/Pods-TwitterClient-frameworks.sh",
				"${BUILT_PRODUCTS_DIR}/NVActivityIndicatorView/NVActivityIndicatorView.framework",
				"${BUILT_PRODUCTS_DIR}/ObjectMapper/ObjectMapper.framework",
				"${BUILT_PRODUCTS_DIR}/SwiftyJSON/SwiftyJSON.framework",
			);
			name = "[CP] Embed Pods Frameworks";
			outputPaths = (
				"${TARGET_BUILD_DIR}/${FRAMEWORKS_FOLDER_PATH}/NVActivityIndicatorView.framework",
				"${TARGET_BUILD_DIR}/${FRAMEWORKS_FOLDER_PATH}/ObjectMapper.framework",
				"${TARGET_BUILD_DIR}/${FRAMEWORKS_FOLDER_PATH}/SwiftyJSON.framework",
			);
			runOnlyForDeploymentPostprocessing = 0;
			shellPath = /bin/sh;
			shellScript = "\"${SRCROOT}/Pods/Target Support Files/Pods-TwitterClient/Pods-TwitterClient-frameworks.sh\"\n";
			showEnvVarsInLog = 0;
		};
		13B2BAB501D20AFFF63672C8 /* [CP] Check Pods Manifest.lock */ = {
			isa = PBXShellScriptBuildPhase;
			buildActionMask = 2147483647;
			files = (
			);
			inputPaths = (
				"${PODS_PODFILE_DIR_PATH}/Podfile.lock",
				"${PODS_ROOT}/Manifest.lock",
			);
			name = "[CP] Check Pods Manifest.lock";
			outputPaths = (
				"$(DERIVED_FILE_DIR)/Pods-TwitterClient-checkManifestLockResult.txt",
			);
			runOnlyForDeploymentPostprocessing = 0;
			shellPath = /bin/sh;
			shellScript = "diff \"${PODS_PODFILE_DIR_PATH}/Podfile.lock\" \"${PODS_ROOT}/Manifest.lock\" > /dev/null\nif [ $? != 0 ] ; then\n    # print error to STDERR\n    echo \"error: The sandbox is not in sync with the Podfile.lock. Run 'pod install' or update your CocoaPods installation.\" >&2\n    exit 1\nfi\n# This output is used by Xcode 'outputs' to avoid re-running this script phase.\necho \"SUCCESS\" > \"${SCRIPT_OUTPUT_FILE_0}\"\n";
			showEnvVarsInLog = 0;
		};
		1711F64EDF9BF3A206F77FE8 /* [CP] Copy Pods Resources */ = {
			isa = PBXShellScriptBuildPhase;
			buildActionMask = 2147483647;
			files = (
			);
			inputPaths = (
			);
			name = "[CP] Copy Pods Resources";
			outputPaths = (
			);
			runOnlyForDeploymentPostprocessing = 0;
			shellPath = /bin/sh;
			shellScript = "\"${SRCROOT}/Pods/Target Support Files/Pods-TwitterClientUITests/Pods-TwitterClientUITests-resources.sh\"\n";
			showEnvVarsInLog = 0;
		};
		24D95AE7220B1F0658948E39 /* [CP] Check Pods Manifest.lock */ = {
			isa = PBXShellScriptBuildPhase;
			buildActionMask = 2147483647;
			files = (
			);
			inputPaths = (
				"${PODS_PODFILE_DIR_PATH}/Podfile.lock",
				"${PODS_ROOT}/Manifest.lock",
			);
			name = "[CP] Check Pods Manifest.lock";
			outputPaths = (
				"$(DERIVED_FILE_DIR)/Pods-TwitterClientUITests-checkManifestLockResult.txt",
			);
			runOnlyForDeploymentPostprocessing = 0;
			shellPath = /bin/sh;
			shellScript = "diff \"${PODS_PODFILE_DIR_PATH}/Podfile.lock\" \"${PODS_ROOT}/Manifest.lock\" > /dev/null\nif [ $? != 0 ] ; then\n    # print error to STDERR\n    echo \"error: The sandbox is not in sync with the Podfile.lock. Run 'pod install' or update your CocoaPods installation.\" >&2\n    exit 1\nfi\n# This output is used by Xcode 'outputs' to avoid re-running this script phase.\necho \"SUCCESS\" > \"${SCRIPT_OUTPUT_FILE_0}\"\n";
			showEnvVarsInLog = 0;
		};
		4EB67290A7C346A01E86899D /* [CP] Copy Pods Resources */ = {
			isa = PBXShellScriptBuildPhase;
			buildActionMask = 2147483647;
			files = (
			);
			inputPaths = (
			);
			name = "[CP] Copy Pods Resources";
			outputPaths = (
			);
			runOnlyForDeploymentPostprocessing = 0;
			shellPath = /bin/sh;
			shellScript = "\"${SRCROOT}/Pods/Target Support Files/Pods-TwitterClientTests/Pods-TwitterClientTests-resources.sh\"\n";
			showEnvVarsInLog = 0;
		};
		8F1AAD009B49503B7C626424 /* [CP] Check Pods Manifest.lock */ = {
			isa = PBXShellScriptBuildPhase;
			buildActionMask = 2147483647;
			files = (
			);
			inputPaths = (
				"${PODS_PODFILE_DIR_PATH}/Podfile.lock",
				"${PODS_ROOT}/Manifest.lock",
			);
			name = "[CP] Check Pods Manifest.lock";
			outputPaths = (
				"$(DERIVED_FILE_DIR)/Pods-TwitterClientTests-checkManifestLockResult.txt",
			);
			runOnlyForDeploymentPostprocessing = 0;
			shellPath = /bin/sh;
			shellScript = "diff \"${PODS_PODFILE_DIR_PATH}/Podfile.lock\" \"${PODS_ROOT}/Manifest.lock\" > /dev/null\nif [ $? != 0 ] ; then\n    # print error to STDERR\n    echo \"error: The sandbox is not in sync with the Podfile.lock. Run 'pod install' or update your CocoaPods installation.\" >&2\n    exit 1\nfi\n# This output is used by Xcode 'outputs' to avoid re-running this script phase.\necho \"SUCCESS\" > \"${SCRIPT_OUTPUT_FILE_0}\"\n";
			showEnvVarsInLog = 0;
		};
		9483AC03751B8B83BACAD485 /* [CP] Embed Pods Frameworks */ = {
			isa = PBXShellScriptBuildPhase;
			buildActionMask = 2147483647;
			files = (
			);
			inputPaths = (
			);
			name = "[CP] Embed Pods Frameworks";
			outputPaths = (
			);
			runOnlyForDeploymentPostprocessing = 0;
			shellPath = /bin/sh;
			shellScript = "\"${SRCROOT}/Pods/Target Support Files/Pods-TwitterClientTests/Pods-TwitterClientTests-frameworks.sh\"\n";
			showEnvVarsInLog = 0;
		};
		956D109F304BF28C60B68E47 /* [CP] Copy Pods Resources */ = {
			isa = PBXShellScriptBuildPhase;
			buildActionMask = 2147483647;
			files = (
			);
			inputPaths = (
				"${SRCROOT}/Pods/Target Support Files/Pods-TwitterClient/Pods-TwitterClient-resources.sh",
				"${PODS_ROOT}/TwitterKit/iOS/TwitterKit.framework/TwitterKitResources.bundle",
				"${PODS_ROOT}/TwitterKit/iOS/TwitterKit.framework/TwitterShareExtensionUIResources.bundle",
			);
			name = "[CP] Copy Pods Resources";
			outputPaths = (
				"${TARGET_BUILD_DIR}/${UNLOCALIZED_RESOURCES_FOLDER_PATH}",
			);
			runOnlyForDeploymentPostprocessing = 0;
			shellPath = /bin/sh;
			shellScript = "\"${SRCROOT}/Pods/Target Support Files/Pods-TwitterClient/Pods-TwitterClient-resources.sh\"\n";
			showEnvVarsInLog = 0;
		};
		9F9D9F0F3F686C628D02FF7B /* [CP] Embed Pods Frameworks */ = {
			isa = PBXShellScriptBuildPhase;
			buildActionMask = 2147483647;
			files = (
			);
			inputPaths = (
			);
			name = "[CP] Embed Pods Frameworks";
			outputPaths = (
			);
			runOnlyForDeploymentPostprocessing = 0;
			shellPath = /bin/sh;
			shellScript = "\"${SRCROOT}/Pods/Target Support Files/Pods-TwitterClientUITests/Pods-TwitterClientUITests-frameworks.sh\"\n";
			showEnvVarsInLog = 0;
		};
/* End PBXShellScriptBuildPhase section */

/* Begin PBXSourcesBuildPhase section */
		CE64E6AC1F4B65750078E79A /* Sources */ = {
			isa = PBXSourcesBuildPhase;
			buildActionMask = 2147483647;
			files = (
				CE4AD8491F50D1FE005ECC26 /* FollowersPresenter.swift in Sources */,
				CE8AE04A1F505FFD002DA9F7 /* ModFollowers.swift in Sources */,
				CE8AE0521F5091FC002DA9F7 /* SplashPresenter.swift in Sources */,
				CEC844641F5034DA00219B2D /* NetworkHelper.swift in Sources */,
				CE8AE05C1F50B088002DA9F7 /* BubbleTransition.swift in Sources */,
				CE8AE05D1F50B088002DA9F7 /* CGRectEx.swift in Sources */,
				CEC844621F50333700219B2D /* LoginViewController.swift in Sources */,
				CE4AD8471F50D1EA005ECC26 /* FollowersView.swift in Sources */,
				CE8AE0641F50C41B002DA9F7 /* FollowersViewController.swift in Sources */,
				CE8AE04E1F5091CA002DA9F7 /* SplashViewController.swift in Sources */,
				CE8AE0461F5055A1002DA9F7 /* AccessLayer.swift in Sources */,
				CEC844601F50333700219B2D /* LoginPresenter.swift in Sources */,
				CE64E6B61F4B65750078E79A /* ViewController.swift in Sources */,
				CE64E6B41F4B65750078E79A /* AppDelegate.swift in Sources */,
				CE8AE05E1F50B088002DA9F7 /* FadeTransition.swift in Sources */,
				CE8AE0501F5091E7002DA9F7 /* SplashView.swift in Sources */,
				CE8AE0611F50C1CD002DA9F7 /* Extensions.swift in Sources */,
				CE8AE0571F50B040002DA9F7 /* SpinerLayer.swift in Sources */,
				CE8AE05F1F50B088002DA9F7 /* TimerEx.swift in Sources */,
				CEC844611F50333700219B2D /* LoginView.swift in Sources */,
				CEC844661F503CAF00219B2D /* Utilities.swift in Sources */,
				CE4AD84D1F50D4BA005ECC26 /* FollowersCell.swift in Sources */,
				CEC8445B1F5032F700219B2D /* Constants.swift in Sources */,
				CE8AE04B1F505FFD002DA9F7 /* User.swift in Sources */,
				CE8AE0551F50AD2B002DA9F7 /* TransitionSubmitButton.swift in Sources */,
			);
			runOnlyForDeploymentPostprocessing = 0;
		};
		CE64E6C01F4B65760078E79A /* Sources */ = {
			isa = PBXSourcesBuildPhase;
			buildActionMask = 2147483647;
			files = (
				CE64E6C91F4B65760078E79A /* TwitterClientTests.swift in Sources */,
			);
			runOnlyForDeploymentPostprocessing = 0;
		};
		CE64E6CB1F4B65760078E79A /* Sources */ = {
			isa = PBXSourcesBuildPhase;
			buildActionMask = 2147483647;
			files = (
				CE64E6D41F4B65760078E79A /* TwitterClientUITests.swift in Sources */,
			);
			runOnlyForDeploymentPostprocessing = 0;
		};
/* End PBXSourcesBuildPhase section */

/* Begin PBXTargetDependency section */
		CE64E6C61F4B65760078E79A /* PBXTargetDependency */ = {
			isa = PBXTargetDependency;
			target = CE64E6AF1F4B65750078E79A /* TwitterClient */;
			targetProxy = CE64E6C51F4B65760078E79A /* PBXContainerItemProxy */;
		};
		CE64E6D11F4B65760078E79A /* PBXTargetDependency */ = {
			isa = PBXTargetDependency;
			target = CE64E6AF1F4B65750078E79A /* TwitterClient */;
			targetProxy = CE64E6D01F4B65760078E79A /* PBXContainerItemProxy */;
		};
/* End PBXTargetDependency section */

/* Begin PBXVariantGroup section */
		CE64E6B71F4B65750078E79A /* Main.storyboard */ = {
			isa = PBXVariantGroup;
			children = (
				CE64E6B81F4B65750078E79A /* Base */,
			);
			name = Main.storyboard;
			path = TwitterClient;
			sourceTree = "<group>";
		};
		CE64E6BC1F4B65760078E79A /* LaunchScreen.storyboard */ = {
			isa = PBXVariantGroup;
			children = (
				CE64E6BD1F4B65760078E79A /* Base */,
			);
			name = LaunchScreen.storyboard;
			path = TwitterClient;
			sourceTree = "<group>";
		};
/* End PBXVariantGroup section */

/* Begin XCBuildConfiguration section */
		CE64E6D61F4B65760078E79A /* Debug */ = {
			isa = XCBuildConfiguration;
			buildSettings = {
				ALWAYS_SEARCH_USER_PATHS = NO;
				CLANG_ANALYZER_NONNULL = YES;
				CLANG_ANALYZER_NUMBER_OBJECT_CONVERSION = YES_AGGRESSIVE;
				CLANG_CXX_LANGUAGE_STANDARD = "gnu++0x";
				CLANG_CXX_LIBRARY = "libc++";
				CLANG_ENABLE_MODULES = YES;
				CLANG_ENABLE_OBJC_ARC = YES;
				CLANG_WARN_BOOL_CONVERSION = YES;
				CLANG_WARN_CONSTANT_CONVERSION = YES;
				CLANG_WARN_DIRECT_OBJC_ISA_USAGE = YES_ERROR;
				CLANG_WARN_DOCUMENTATION_COMMENTS = YES;
				CLANG_WARN_EMPTY_BODY = YES;
				CLANG_WARN_ENUM_CONVERSION = YES;
				CLANG_WARN_INFINITE_RECURSION = YES;
				CLANG_WARN_INT_CONVERSION = YES;
				CLANG_WARN_OBJC_ROOT_CLASS = YES_ERROR;
				CLANG_WARN_SUSPICIOUS_MOVE = YES;
				CLANG_WARN_UNREACHABLE_CODE = YES;
				CLANG_WARN__DUPLICATE_METHOD_MATCH = YES;
				"CODE_SIGN_IDENTITY[sdk=iphoneos*]" = "iPhone Developer";
				COPY_PHASE_STRIP = NO;
				DEBUG_INFORMATION_FORMAT = dwarf;
				ENABLE_STRICT_OBJC_MSGSEND = YES;
				ENABLE_TESTABILITY = YES;
				GCC_C_LANGUAGE_STANDARD = gnu99;
				GCC_DYNAMIC_NO_PIC = NO;
				GCC_NO_COMMON_BLOCKS = YES;
				GCC_OPTIMIZATION_LEVEL = 0;
				GCC_PREPROCESSOR_DEFINITIONS = (
					"DEBUG=1",
					"$(inherited)",
				);
				GCC_WARN_64_TO_32_BIT_CONVERSION = YES;
				GCC_WARN_ABOUT_RETURN_TYPE = YES_ERROR;
				GCC_WARN_UNDECLARED_SELECTOR = YES;
				GCC_WARN_UNINITIALIZED_AUTOS = YES_AGGRESSIVE;
				GCC_WARN_UNUSED_FUNCTION = YES;
				GCC_WARN_UNUSED_VARIABLE = YES;
				IPHONEOS_DEPLOYMENT_TARGET = 10.3;
				MTL_ENABLE_DEBUG_INFO = YES;
				ONLY_ACTIVE_ARCH = YES;
				SDKROOT = iphoneos;
				SWIFT_ACTIVE_COMPILATION_CONDITIONS = DEBUG;
				SWIFT_OPTIMIZATION_LEVEL = "-Onone";
			};
			name = Debug;
		};
		CE64E6D71F4B65760078E79A /* Release */ = {
			isa = XCBuildConfiguration;
			buildSettings = {
				ALWAYS_SEARCH_USER_PATHS = NO;
				CLANG_ANALYZER_NONNULL = YES;
				CLANG_ANALYZER_NUMBER_OBJECT_CONVERSION = YES_AGGRESSIVE;
				CLANG_CXX_LANGUAGE_STANDARD = "gnu++0x";
				CLANG_CXX_LIBRARY = "libc++";
				CLANG_ENABLE_MODULES = YES;
				CLANG_ENABLE_OBJC_ARC = YES;
				CLANG_WARN_BOOL_CONVERSION = YES;
				CLANG_WARN_CONSTANT_CONVERSION = YES;
				CLANG_WARN_DIRECT_OBJC_ISA_USAGE = YES_ERROR;
				CLANG_WARN_DOCUMENTATION_COMMENTS = YES;
				CLANG_WARN_EMPTY_BODY = YES;
				CLANG_WARN_ENUM_CONVERSION = YES;
				CLANG_WARN_INFINITE_RECURSION = YES;
				CLANG_WARN_INT_CONVERSION = YES;
				CLANG_WARN_OBJC_ROOT_CLASS = YES_ERROR;
				CLANG_WARN_SUSPICIOUS_MOVE = YES;
				CLANG_WARN_UNREACHABLE_CODE = YES;
				CLANG_WARN__DUPLICATE_METHOD_MATCH = YES;
				"CODE_SIGN_IDENTITY[sdk=iphoneos*]" = "iPhone Developer";
				COPY_PHASE_STRIP = NO;
				DEBUG_INFORMATION_FORMAT = "dwarf-with-dsym";
				ENABLE_NS_ASSERTIONS = NO;
				ENABLE_STRICT_OBJC_MSGSEND = YES;
				GCC_C_LANGUAGE_STANDARD = gnu99;
				GCC_NO_COMMON_BLOCKS = YES;
				GCC_WARN_64_TO_32_BIT_CONVERSION = YES;
				GCC_WARN_ABOUT_RETURN_TYPE = YES_ERROR;
				GCC_WARN_UNDECLARED_SELECTOR = YES;
				GCC_WARN_UNINITIALIZED_AUTOS = YES_AGGRESSIVE;
				GCC_WARN_UNUSED_FUNCTION = YES;
				GCC_WARN_UNUSED_VARIABLE = YES;
				IPHONEOS_DEPLOYMENT_TARGET = 10.3;
				MTL_ENABLE_DEBUG_INFO = NO;
				SDKROOT = iphoneos;
				SWIFT_OPTIMIZATION_LEVEL = "-Owholemodule";
				VALIDATE_PRODUCT = YES;
			};
			name = Release;
		};
		CE64E6D91F4B65760078E79A /* Debug */ = {
			isa = XCBuildConfiguration;
			baseConfigurationReference = 60AB7FE0DB40BC8E2DF93CFB /* Pods-TwitterClient.debug.xcconfig */;
			buildSettings = {
				ASSETCATALOG_COMPILER_APPICON_NAME = AppIcon;
				DEVELOPMENT_TEAM = Q6EKB3LKQX;
				INFOPLIST_FILE = TwitterClient/Info.plist;
				LD_RUNPATH_SEARCH_PATHS = "$(inherited) @executable_path/Frameworks";
				PRODUCT_BUNDLE_IDENTIFIER = com.Eventus.TwitterClient;
				PRODUCT_NAME = "$(TARGET_NAME)";
				SWIFT_VERSION = 3.0;
			};
			name = Debug;
		};
		CE64E6DA1F4B65760078E79A /* Release */ = {
			isa = XCBuildConfiguration;
			baseConfigurationReference = FBD7FBCE0F78CEE26DF72701 /* Pods-TwitterClient.release.xcconfig */;
			buildSettings = {
				ASSETCATALOG_COMPILER_APPICON_NAME = AppIcon;
				DEVELOPMENT_TEAM = Q6EKB3LKQX;
				INFOPLIST_FILE = TwitterClient/Info.plist;
				LD_RUNPATH_SEARCH_PATHS = "$(inherited) @executable_path/Frameworks";
				PRODUCT_BUNDLE_IDENTIFIER = com.Eventus.TwitterClient;
				PRODUCT_NAME = "$(TARGET_NAME)";
				SWIFT_VERSION = 3.0;
			};
			name = Release;
		};
		CE64E6DC1F4B65760078E79A /* Debug */ = {
			isa = XCBuildConfiguration;
			baseConfigurationReference = 8757E824396B669C1A8F2676 /* Pods-TwitterClientTests.debug.xcconfig */;
			buildSettings = {
				ALWAYS_EMBED_SWIFT_STANDARD_LIBRARIES = YES;
				BUNDLE_LOADER = "$(TEST_HOST)";
				DEVELOPMENT_TEAM = Q6EKB3LKQX;
				INFOPLIST_FILE = TwitterClientTests/Info.plist;
				LD_RUNPATH_SEARCH_PATHS = "$(inherited) @executable_path/Frameworks @loader_path/Frameworks";
				PRODUCT_BUNDLE_IDENTIFIER = com.Eventus.TwitterClientTests;
				PRODUCT_NAME = "$(TARGET_NAME)";
				SWIFT_VERSION = 3.0;
				TEST_HOST = "$(BUILT_PRODUCTS_DIR)/TwitterClient.app/TwitterClient";
			};
			name = Debug;
		};
		CE64E6DD1F4B65760078E79A /* Release */ = {
			isa = XCBuildConfiguration;
			baseConfigurationReference = 6A14E0835283C50FBD64768A /* Pods-TwitterClientTests.release.xcconfig */;
			buildSettings = {
				ALWAYS_EMBED_SWIFT_STANDARD_LIBRARIES = YES;
				BUNDLE_LOADER = "$(TEST_HOST)";
				DEVELOPMENT_TEAM = Q6EKB3LKQX;
				INFOPLIST_FILE = TwitterClientTests/Info.plist;
				LD_RUNPATH_SEARCH_PATHS = "$(inherited) @executable_path/Frameworks @loader_path/Frameworks";
				PRODUCT_BUNDLE_IDENTIFIER = com.Eventus.TwitterClientTests;
				PRODUCT_NAME = "$(TARGET_NAME)";
				SWIFT_VERSION = 3.0;
				TEST_HOST = "$(BUILT_PRODUCTS_DIR)/TwitterClient.app/TwitterClient";
			};
			name = Release;
		};
		CE64E6DF1F4B65760078E79A /* Debug */ = {
			isa = XCBuildConfiguration;
			baseConfigurationReference = 55854F9F60D5BA2CF6179E27 /* Pods-TwitterClientUITests.debug.xcconfig */;
			buildSettings = {
				ALWAYS_EMBED_SWIFT_STANDARD_LIBRARIES = YES;
				DEVELOPMENT_TEAM = Q6EKB3LKQX;
				INFOPLIST_FILE = TwitterClientUITests/Info.plist;
				LD_RUNPATH_SEARCH_PATHS = "$(inherited) @executable_path/Frameworks @loader_path/Frameworks";
				PRODUCT_BUNDLE_IDENTIFIER = com.Eventus.TwitterClientUITests;
				PRODUCT_NAME = "$(TARGET_NAME)";
				SWIFT_VERSION = 3.0;
				TEST_TARGET_NAME = TwitterClient;
			};
			name = Debug;
		};
		CE64E6E01F4B65760078E79A /* Release */ = {
			isa = XCBuildConfiguration;
			baseConfigurationReference = EA8964CDDC7D268F9D8B3FFD /* Pods-TwitterClientUITests.release.xcconfig */;
			buildSettings = {
				ALWAYS_EMBED_SWIFT_STANDARD_LIBRARIES = YES;
				DEVELOPMENT_TEAM = Q6EKB3LKQX;
				INFOPLIST_FILE = TwitterClientUITests/Info.plist;
				LD_RUNPATH_SEARCH_PATHS = "$(inherited) @executable_path/Frameworks @loader_path/Frameworks";
				PRODUCT_BUNDLE_IDENTIFIER = com.Eventus.TwitterClientUITests;
				PRODUCT_NAME = "$(TARGET_NAME)";
				SWIFT_VERSION = 3.0;
				TEST_TARGET_NAME = TwitterClient;
			};
			name = Release;
		};
/* End XCBuildConfiguration section */

/* Begin XCConfigurationList section */
		CE64E6AB1F4B65750078E79A /* Build configuration list for PBXProject "TwitterClient" */ = {
			isa = XCConfigurationList;
			buildConfigurations = (
				CE64E6D61F4B65760078E79A /* Debug */,
				CE64E6D71F4B65760078E79A /* Release */,
			);
			defaultConfigurationIsVisible = 0;
			defaultConfigurationName = Release;
		};
		CE64E6D81F4B65760078E79A /* Build configuration list for PBXNativeTarget "TwitterClient" */ = {
			isa = XCConfigurationList;
			buildConfigurations = (
				CE64E6D91F4B65760078E79A /* Debug */,
				CE64E6DA1F4B65760078E79A /* Release */,
			);
			defaultConfigurationIsVisible = 0;
			defaultConfigurationName = Release;
		};
		CE64E6DB1F4B65760078E79A /* Build configuration list for PBXNativeTarget "TwitterClientTests" */ = {
			isa = XCConfigurationList;
			buildConfigurations = (
				CE64E6DC1F4B65760078E79A /* Debug */,
				CE64E6DD1F4B65760078E79A /* Release */,
			);
			defaultConfigurationIsVisible = 0;
			defaultConfigurationName = Release;
		};
		CE64E6DE1F4B65760078E79A /* Build configuration list for PBXNativeTarget "TwitterClientUITests" */ = {
			isa = XCConfigurationList;
			buildConfigurations = (
				CE64E6DF1F4B65760078E79A /* Debug */,
				CE64E6E01F4B65760078E79A /* Release */,
			);
			defaultConfigurationIsVisible = 0;
			defaultConfigurationName = Release;
		};
/* End XCConfigurationList section */
	};
	rootObject = CE64E6A81F4B65750078E79A /* Project object */;
}
